
Microsoft Visual Studio Solution File, Format Version 12.00
# Visual Studio Version 17
VisualStudioVersion = 17.1.32228.430
MinimumVisualStudioVersion = 10.0.40219.1
Project("{FAE04EC0-301F-11D3-BF4B-00C04F79EFBC}") = "WebApplication1", "WebApplication1\WebApplication1.csproj", "{657989F5-7E3C-4023-AFFF-D31FC0C51051}"
EndProject
Global
	GlobalSection(SolutionConfigurationPlatforms) = preSolution
		Debug|Any CPU = Debug|Any CPU
		Release|Any CPU = Release|Any CPU
	EndGlobalSection
	GlobalSection(ProjectConfigurationPlatforms) = postSolution
		{657989F5-7E3C-4023-AFFF-D31FC0C51051}.Debug|Any CPU.ActiveCfg = Debug|Any CPU
		{657989F5-7E3C-4023-AFFF-D31FC0C51051}.Debug|Any CPU.Build.0 = Debug|Any CPU
		{657989F5-7E3C-4023-AFFF-D31FC0C51051}.Release|Any CPU.ActiveCfg = Release|Any CPU
		{657989F5-7E3C-4023-AFFF-D31FC0C51051}.Release|Any CPU.Build.0 = Release|Any CPU
	EndGlobalSection
	GlobalSection(SolutionProperties) = preSolution
		HideSolutionNode = FALSE
	EndGlobalSection
	GlobalSection(ExtensibilityGlobals) = postSolution
		SolutionGuid = {45FC81E6-D2E3-41D7-882B-15DA0F3552A0}
	EndGlobalSection
EndGlobal
